
Microsoft Visual Studio Solution File, Format Version 12.00
# Visual Studio Version 17
VisualStudioVersion = 17.3.32929.385
MinimumVisualStudioVersion = 10.0.40219.1
Project("{FAE04EC0-301F-11D3-BF4B-00C04F79EFBC}") = "MyStore", "MyStore\MyStore.csproj", "{1EB42FD0-6EEC-46AB-B916-8FAB3DC4A07A}"
EndProject
Global
	GlobalSection(SolutionConfigurationPlatforms) = preSolution
		Debug|Any CPU = Debug|Any CPU
		Release|Any CPU = Release|Any CPU
	EndGlobalSection
	GlobalSection(ProjectConfigurationPlatforms) = postSolution
		{1EB42FD0-6EEC-46AB-B916-8FAB3DC4A07A}.Debug|Any CPU.ActiveCfg = Debug|Any CPU
		{1EB42FD0-6EEC-46AB-B916-8FAB3DC4A07A}.Debug|Any CPU.Build.0 = Debug|Any CPU
		{1EB42FD0-6EEC-46AB-B916-8FAB3DC4A07A}.Release|Any CPU.ActiveCfg = Release|Any CPU
		{1EB42FD0-6EEC-46AB-B916-8FAB3DC4A07A}.Release|Any CPU.Build.0 = Release|Any CPU
	EndGlobalSection
	GlobalSection(SolutionProperties) = preSolution
		HideSolutionNode = FALSE
	EndGlobalSection
	GlobalSection(ExtensibilityGlobals) = postSolution
		SolutionGuid = {57ADF48D-FC34-4FA8-A108-178F3F044B55}
	EndGlobalSection
EndGlobal
